
Microsoft Visual Studio Solution File, Format Version 12.00
# Visual Studio Version 16
VisualStudioVersion = 16.0.28729.10
MinimumVisualStudioVersion = 10.0.40219.1
Project("{FAE04EC0-301F-11D3-BF4B-00C04F79EFBC}") = "AlifLesson13HW18.02", "AlifLesson13HW18.02\AlifLesson13HW18.02.csproj", "{C4D1B32D-9C34-4478-A89E-5B8A8AEEA304}"
EndProject
Global
	GlobalSection(SolutionConfigurationPlatforms) = preSolution
		Debug|Any CPU = Debug|Any CPU
		Release|Any CPU = Release|Any CPU
	EndGlobalSection
	GlobalSection(ProjectConfigurationPlatforms) = postSolution
		{C4D1B32D-9C34-4478-A89E-5B8A8AEEA304}.Debug|Any CPU.ActiveCfg = Debug|Any CPU
		{C4D1B32D-9C34-4478-A89E-5B8A8AEEA304}.Debug|Any CPU.Build.0 = Debug|Any CPU
		{C4D1B32D-9C34-4478-A89E-5B8A8AEEA304}.Release|Any CPU.ActiveCfg = Release|Any CPU
		{C4D1B32D-9C34-4478-A89E-5B8A8AEEA304}.Release|Any CPU.Build.0 = Release|Any CPU
	EndGlobalSection
	GlobalSection(SolutionProperties) = preSolution
		HideSolutionNode = FALSE
	EndGlobalSection
	GlobalSection(ExtensibilityGlobals) = postSolution
		SolutionGuid = {BF2718EF-D9FF-406D-A30A-D85610A139F9}
	EndGlobalSection
EndGlobal
